%{
  "altar": {:hex, :altar, "0.2.0", "f7f6d6cf9d6f0fc5ca014f2e51b7a7acb5da63e20cb424b3d43840cf16b80193", [:mix], [{:jason, "~> 1.4", [hex: :jason, repo: "hexpm", optional: false]}], "hexpm", "717c0465195d9559a9515362affca13b535412e6b0088599918a5c849dc1da82"},
  "bandit": {:hex, :bandit, "1.12.0", "6c5214daa2469644ac4ab0113b98abc24f75e348378e6a974c6343b3e5da22ef", [:mix], [{:hpax, "~> 1.0", [hex: :hpax, repo: "hexpm", optional: false]}, {:plug, "~> 1.18", [hex: :plug, repo: "hexpm", optional: false]}, {:telemetry, "~> 0.4 or ~> 1.0", [hex: :telemetry, repo: "hexpm", optional: false]}, {:thousand_island, "~> 1.5", [hex: :thousand_island, repo: "hexpm", optional: false]}, {:websock, "~> 0.5", [hex: :websock, repo: "hexpm", optional: false]}], "hexpm", "45dac82dc86f45cf4a196dee9cc5a8b791d9c9469d996055f055e6ee36c66e20"},
  "bimap": {:hex, :bimap, "1.3.0", "3ea4832e58dc83a9b5b407c6731e7bae87458aa618e6d11d8e12114a17afa4b3", [:mix], [], "hexpm", "bf5a2b078528465aa705f405a5c638becd63e41d280ada41e0f77e6d255a10b4"},
  "bunch": {:hex, :bunch, "1.6.4", "b23ecefdcbc1d8b9723044055daa2ad8573a0ebe6ef35c0ac4f3bad243273ba3", [:mix], [], "hexpm", "cacbe7437dd5299c9e665011d32127e0ce92b26ab4b9f64ebd2389f57cc7c141"},
  "bunt": {:hex, :bunt, "1.0.0", "081c2c665f086849e6d57900292b3a161727ab40431219529f13c4ddcf3e7a44", [:mix], [], "hexpm", "dc5f86aa08a5f6fa6b8096f0735c4e76d54ae5c9fa2c143e5a1fc7c1cd9bb6b5"},
  "coerce": {:hex, :coerce, "1.0.2", "5ef791040c92baaa5dd344887563faaeac6e6742573a167493294f8af3672bbe", [:mix], [], "hexpm", "0b3451c729571234fdac478636c298e71d1f2ce1243abed5fa43fa3181b980eb"},
  "cowlib": {:hex, :cowlib, "2.18.0", "4a3ef8cb012c21c7cbb7c925f75405e26d7fcd393fd78c46187539dbc9a48310", [:make, :rebar3], [], "hexpm", "c4f89d33a61162d4cfdcb5a1af7e562d80a700b2573cc71020ce6521b152dc1a"},
  "credo": {:hex, :credo, "1.7.19", "cc52129665fc7c15143d47838fda0f9cd6dac9ceced7bf4da6f85fcbfe64b12a", [:mix], [{:bunt, "~> 0.2.1 or ~> 1.0", [hex: :bunt, repo: "hexpm", optional: false]}, {:file_system, "~> 0.2 or ~> 1.0", [hex: :file_system, repo: "hexpm", optional: false]}, {:jason, "~> 1.0", [hex: :jason, repo: "hexpm", optional: false]}], "hexpm", "2d8bc95d5a7bb99dd2613621d4f08c6a3575c3fd4b62e6a2b48a100352a557b8"},
  "dialyxir": {:hex, :dialyxir, "1.4.7", "dda948fcee52962e4b6c5b4b16b2d8fa7d50d8645bbae8b8685c3f9ecb7f5f4d", [:mix], [{:erlex, ">= 0.2.8", [hex: :erlex, repo: "hexpm", optional: false]}], "hexpm", "b34527202e6eb8cee198efec110996c25c5898f43a4094df157f8d28f27d9efe"},
  "earmark_parser": {:hex, :earmark_parser, "1.4.45", "cba8369ab2a1342e419bc2760eec731b17be828941dcf494045d44766227e1d5", [:mix], [], "hexpm", "d3ec045bf122965db20c0bdb420e19ee1415843135327124918473feb4b328e8"},
  "erlex": {:hex, :erlex, "0.2.9", "7debbbaa9f4f368b8cd648983e0f1d7963028508e9c59e9d4ed504e94ef52a55", [:mix], [], "hexpm", "8cfffc0ec7159e6d73de2ab28a588064de80f88b2798d5cbe4482cbbc200178b"},
  "ex_doc": {:hex, :ex_doc, "0.40.3", "4a972ffe64bc07dc605af487e98fc19b72a4185f55ca031b94c0552d6071c1d9", [:mix], [{:earmark_parser, "~> 1.4.44", [hex: :earmark_parser, repo: "hexpm", optional: false]}, {:makeup_c, ">= 0.1.0", [hex: :makeup_c, repo: "hexpm", optional: true]}, {:makeup_elixir, "~> 0.14 or ~> 1.0", [hex: :makeup_elixir, repo: "hexpm", optional: false]}, {:makeup_erlang, "~> 0.1 or ~> 1.0", [hex: :makeup_erlang, repo: "hexpm", optional: false]}, {:makeup_html, ">= 0.1.0", [hex: :makeup_html, repo: "hexpm", optional: true]}], "hexpm", "2756e357742fecd9749b489b85d67c9ce99c465f2e75728d9e6dc8d704b973de"},
  "file_system": {:hex, :file_system, "1.1.1", "31864f4685b0148f25bd3fbef2b1228457c0c89024ad67f7a81a3ffbc0bbad3a", [:mix], [], "hexpm", "7a15ff97dfe526aeefb090a7a9d3d03aa907e100e262a0f8f7746b78f8f87a5d"},
  "finch": {:hex, :finch, "0.22.0", "5c48fa6f9706a78eb9036cacb67b8b996b4e66d111c543f4c29bb0f879a6806b", [:mix], [{:mime, "~> 1.0 or ~> 2.0", [hex: :mime, repo: "hexpm", optional: false]}, {:mint, "~> 1.8", [hex: :mint, repo: "hexpm", optional: false]}, {:nimble_options, "~> 0.4 or ~> 1.0", [hex: :nimble_options, repo: "hexpm", optional: false]}, {:nimble_pool, "~> 1.1", [hex: :nimble_pool, repo: "hexpm", optional: false]}, {:telemetry, "~> 0.4 or ~> 1.0", [hex: :telemetry, repo: "hexpm", optional: false]}], "hexpm", "b94e83c47780fc6813f746a1f1a34ee65cda42da4c5ea26a68f0acc4498e23dc"},
  "gemini_ex": {:hex, :gemini_ex, "0.13.0", "d67ddd46b93f895a1a9c82fa2db3affaae0b10ecc2abd80baa45fe1cf9949cfe", [:mix], [{:altar, "~> 0.2.0", [hex: :altar, repo: "hexpm", optional: false]}, {:gun, "~> 2.1", [hex: :gun, repo: "hexpm", optional: false]}, {:jason, "~> 1.4.4", [hex: :jason, repo: "hexpm", optional: false]}, {:joken, "~> 2.6.2", [hex: :joken, repo: "hexpm", optional: false]}, {:req, "~> 0.5.10", [hex: :req, repo: "hexpm", optional: false]}, {:telemetry, "~> 1.3.0", [hex: :telemetry, repo: "hexpm", optional: false]}, {:typed_struct, "~> 0.3.0", [hex: :typed_struct, repo: "hexpm", optional: false]}], "hexpm", "cddbba4beef0b89a451608e2a32411f9ea721dcb96433df7b7dcf1bf121fe787"},
  "gun": {:hex, :gun, "2.4.1", "c3a8bff8e155e1fc8e499216599bb7effbd27bc1985662a8b25016090dc18428", [:make, :rebar3], [{:cowlib, ">= 2.15.0 and < 3.0.0", [hex: :cowlib, repo: "hexpm", optional: false]}], "hexpm", "1450575b4d393aa0811322727b90ad1dd94b5c10026f54a1641785bcbd250384"},
  "hpax": {:hex, :hpax, "1.0.3", "ed67ef51ad4df91e75cc6a1494f851850c0bd98ebc0be6e81b026e765ee535aa", [:mix], [], "hexpm", "8eab6e1cfa8d5918c2ce4ba43588e894af35dbd8e91e6e55c817bca5847df34a"},
  "jason": {:hex, :jason, "1.4.5", "2e3a008590b0b8d7388c20293e9dcc9cf3e5d642fd2a114e4cbbb52e595d940a", [:mix], [{:decimal, "~> 1.0 or ~> 2.0 or ~> 3.0", [hex: :decimal, repo: "hexpm", optional: true]}], "hexpm", "b0c823996102bcd0239b3c2444eb00409b72f6a140c1950bc8b457d836b30684"},
  "joken": {:hex, :joken, "2.6.2", "5daaf82259ca603af4f0b065475099ada1b2b849ff140ccd37f4b6828ca6892a", [:mix], [{:jose, "~> 1.11.10", [hex: :jose, repo: "hexpm", optional: false]}], "hexpm", "5134b5b0a6e37494e46dbf9e4dad53808e5e787904b7c73972651b51cce3d72b"},
  "jose": {:hex, :jose, "1.11.12", "06e62b467b61d3726cbc19e9b5489f7549c37993de846dfb3ee8259f9ed208b3", [:mix, :rebar3], [], "hexpm", "31e92b653e9210b696765cdd885437457de1add2a9011d92f8cf63e4641bab7b"},
  "logger_backends": {:hex, :logger_backends, "1.0.1", "08a9bd09eed271eac41ff35dd7603b6abf9e0f8b6ffe40359846cb0bfd37704f", [:mix], [], "hexpm", "d7903244fe8d84eeb3d3d42f8d7de080fd0409b613040df54c78b3591672d652"},
  "makeup": {:hex, :makeup, "1.2.2", "882d46dc0905e9ff7abf2aab61a7e6b3dcc555533977d8a23b06019e6c89ac94", [:mix], [{:nimble_parsec, "~> 1.4", [hex: :nimble_parsec, repo: "hexpm", optional: false]}], "hexpm", "9a1a24e5b343b8ae16abea0822c10a6f75da27af7fa802ada5251f7579bfccfa"},
  "makeup_elixir": {:hex, :makeup_elixir, "1.0.1", "e928a4f984e795e41e3abd27bfc09f51db16ab8ba1aebdba2b3a575437efafc2", [:mix], [{:makeup, "~> 1.0", [hex: :makeup, repo: "hexpm", optional: false]}, {:nimble_parsec, "~> 1.2.3 or ~> 1.3", [hex: :nimble_parsec, repo: "hexpm", optional: false]}], "hexpm", "7284900d412a3e5cfd97fdaed4f5ed389b8f2b4cb49efc0eb3bd10e2febf9507"},
  "makeup_erlang": {:hex, :makeup_erlang, "1.1.0", "835f7e60792e08824cda445639555d7bf1bbbddb1b60b306e33cb6f6db24dc74", [:mix], [{:makeup, "~> 1.0", [hex: :makeup, repo: "hexpm", optional: false]}], "hexpm", "1cd6780fb1dd1a03979abaed0fe82712b0625118fd5257d3ebbf73f960c73c3c"},
  "membrane_core": {:hex, :membrane_core, "1.2.7", "af1f277c55a2ce8e2c89de7939b912890e592a378c0715ab4f8a5c74e741db16", [:mix], [{:bunch, "~> 1.6", [hex: :bunch, repo: "hexpm", optional: false]}, {:qex, "~> 0.3", [hex: :qex, repo: "hexpm", optional: false]}, {:ratio, "~> 3.0 or ~> 4.0", [hex: :ratio, repo: "hexpm", optional: false]}, {:telemetry, "~> 1.0", [hex: :telemetry, repo: "hexpm", optional: false]}], "hexpm", "ae1bd2805ae5817e0b132121f6382cc5cbb891ac6b62a759ffaa2ff62b49c488"},
  "membrane_file_plugin": {:hex, :membrane_file_plugin, "0.17.4", "daee28c7bd5a83848368e954a258c21f02c79883dbdb51fdf1a3338031f7e95c", [:mix], [{:logger_backends, "~> 1.0", [hex: :logger_backends, repo: "hexpm", optional: false]}, {:membrane_core, "~> 1.0", [hex: :membrane_core, repo: "hexpm", optional: false]}], "hexpm", "10608eb622c8fc456d480bb97041f4ca8f89374f31daa5ccd52890ef8d65a287"},
  "membrane_generator_plugin": {:hex, :membrane_generator_plugin, "0.10.1", "c4b082755d938a4c56be816ca038caa1c4f08bbbd8ea6f98107df0d3dbfdbc34", [:mix], [{:membrane_core, "~> 1.0", [hex: :membrane_core, repo: "hexpm", optional: false]}, {:membrane_raw_audio_format, "~> 0.12.0", [hex: :membrane_raw_audio_format, repo: "hexpm", optional: false]}, {:membrane_raw_video_format, "~> 0.3", [hex: :membrane_raw_video_format, repo: "hexpm", optional: false]}], "hexpm", "2ff8a8b313c47d19919efaf512a32e13839858de2dc87382ddc1c7bc4408a089"},
  "membrane_raw_audio_format": {:hex, :membrane_raw_audio_format, "0.12.3", "fbbc35e78a39eafdd59d04d931f3490f3104019dc3f3ea20baebbb758b858b44", [:mix], [{:bimap, "~> 1.1", [hex: :bimap, repo: "hexpm", optional: false]}, {:bunch, "~> 1.0", [hex: :bunch, repo: "hexpm", optional: false]}, {:membrane_core, "~> 1.0", [hex: :membrane_core, repo: "hexpm", optional: false]}], "hexpm", "8e50520ce2ab0405a3a0b2d78a001223bb2d76014aaa4c59398cc21d4187fe26"},
  "membrane_raw_audio_parser_plugin": {:hex, :membrane_raw_audio_parser_plugin, "0.4.2", "5e877ccb3c768bc90afc7b896e3407a9c7d70459e33933fc0f36d035c60587af", [:mix], [{:membrane_core, "~> 1.0", [hex: :membrane_core, repo: "hexpm", optional: false]}, {:membrane_raw_audio_format, "~> 0.12.0", [hex: :membrane_raw_audio_format, repo: "hexpm", optional: false]}], "hexpm", "8ee14272d0c368f6b6bac33ea3a7654b400ec6303f0ca7868a5bf4026c88e9a5"},
  "membrane_raw_video_format": {:hex, :membrane_raw_video_format, "0.4.5", "b06f509e9f40e05c81e4246461f704e169a592f2379f52fbd7f953e13e139d24", [:mix], [{:image, ">= 0.54.0", [hex: :image, repo: "hexpm", optional: true]}, {:plug, "~> 1.15", [hex: :plug, repo: "hexpm", optional: true]}], "hexpm", "c4f62b148ecc1643ac2e77e1fda8ee5bd9b595b4047941b02c514a5f310971f2"},
  "membrane_realtimer_plugin": {:hex, :membrane_realtimer_plugin, "0.11.1", "bd15d20ca0c1f88aa8151dc4f114da6f4ed01bdf6e88c4390f073be260321e62", [:mix], [{:membrane_core, "~> 1.0", [hex: :membrane_core, repo: "hexpm", optional: false]}, {:qex, "~> 0.5.0", [hex: :qex, repo: "hexpm", optional: false]}], "hexpm", "3125acd8b5b37228c8020ea0292e80bbf1ff7e1f8663e78d2fbcceea142b762f"},
  "mime": {:hex, :mime, "2.0.7", "b8d739037be7cd402aee1ba0306edfdef982687ee7e9859bee6198c1e7e2f128", [:mix], [], "hexpm", "6171188e399ee16023ffc5b76ce445eb6d9672e2e241d2df6050f3c771e80ccd"},
  "mint": {:hex, :mint, "1.9.0", "d6f534c2a3e98b2a8cc749b4796eb77e9e3af79a76f96e4c74035a827de0d318", [:mix], [{:castore, "~> 0.1.0 or ~> 1.0", [hex: :castore, repo: "hexpm", optional: true]}, {:hpax, "~> 0.1.1 or ~> 0.2.0 or ~> 1.0", [hex: :hpax, repo: "hexpm", optional: false]}], "hexpm", "007154c7d8c43916aed3c93afd1f11aebbaa9c5ff4b7ba55ebe0d17ee0296042"},
  "nimble_options": {:hex, :nimble_options, "1.1.1", "e3a492d54d85fc3fd7c5baf411d9d2852922f66e69476317787a7b2bb000a61b", [:mix], [], "hexpm", "821b2470ca9442c4b6984882fe9bb0389371b8ddec4d45a9504f00a66f650b44"},
  "nimble_parsec": {:hex, :nimble_parsec, "1.4.2", "8efba0122db06df95bfaa78f791344a89352ba04baedd3849593bfce4d0dc1c6", [:mix], [], "hexpm", "4b21398942dda052b403bbe1da991ccd03a053668d147d53fb8c4e0efe09c973"},
  "nimble_pool": {:hex, :nimble_pool, "1.1.0", "bf9c29fbdcba3564a8b800d1eeb5a3c58f36e1e11d7b7fb2e084a643f645f06b", [:mix], [], "hexpm", "af2e4e6b34197db81f7aad230c1118eac993acc0dae6bc83bac0126d4ae0813a"},
  "numbers": {:hex, :numbers, "5.2.5", "47189ba1c0e634f851a76281a2bb7be1914c48498eb1289d16cd50b6c713b436", [:mix], [{:coerce, "~> 1.0.2", [hex: :coerce, repo: "hexpm", optional: false]}, {:decimal, "~> 3.0", [hex: :decimal, repo: "hexpm", optional: true]}], "hexpm", "724563c5b9ed1adccea08b2938215a026aa4344d7506e6b9c75f60d8e2fc9463"},
  "plug": {:hex, :plug, "1.20.2", "adbee2441232412e37fbb357fd5e4cd533fdd253b29f2e1992262b0f1fb01462", [:mix], [{:mime, "~> 1.0 or ~> 2.0", [hex: :mime, repo: "hexpm", optional: false]}, {:plug_crypto, "~> 1.1.1 or ~> 1.2 or ~> 2.0", [hex: :plug_crypto, repo: "hexpm", optional: false]}, {:telemetry, "~> 0.4.3 or ~> 1.0", [hex: :telemetry, repo: "hexpm", optional: false]}], "hexpm", "b16baf55877d60891002ffc1ce0b3ff7d6f30a38a23e02e4d4293c4ac266f136"},
  "plug_crypto": {:hex, :plug_crypto, "2.1.1", "19bda8184399cb24afa10be734f84a16ea0a2bc65054e23a62bb10f06bc89491", [:mix], [], "hexpm", "6470bce6ffe41c8bd497612ffde1a7e4af67f36a15eea5f921af71cf3e11247c"},
  "qex": {:hex, :qex, "0.5.2", "a0c861a2de2380314c23ef592349824ca9016c5845380667ff1d9a22a8796f9b", [:mix], [], "hexpm", "6fb81bf3ae354a9abb471b9561538ea3e8540125d803b00f45cbccff52f00496"},
  "ratio": {:hex, :ratio, "4.0.1", "3044166f2fc6890aa53d3aef0c336f84b2bebb889dc57d5f95cc540daa1912f8", [:mix], [{:decimal, "~> 1.6 or ~> 2.0", [hex: :decimal, repo: "hexpm", optional: true]}, {:numbers, "~> 5.2.0", [hex: :numbers, repo: "hexpm", optional: false]}], "hexpm", "c60cbb3ccdff9ffa56e7d6d1654b5c70d9f90f4d753ab3a43a6bf40855b881ce"},
  "req": {:hex, :req, "0.5.18", "48e6431cb4135e8a7815e745177485369a9b4a9924d5fe68ca00eb09ceaed1ef", [:mix], [{:brotli, "~> 0.3.1", [hex: :brotli, repo: "hexpm", optional: true]}, {:ezstd, "~> 1.0", [hex: :ezstd, repo: "hexpm", optional: true]}, {:finch, "~> 0.21.0 or ~> 0.22.0", [hex: :finch, repo: "hexpm", optional: false]}, {:jason, "~> 1.0", [hex: :jason, repo: "hexpm", optional: false]}, {:mime, "~> 2.0.6 or ~> 2.1", [hex: :mime, repo: "hexpm", optional: false]}, {:nimble_csv, "~> 1.0", [hex: :nimble_csv, repo: "hexpm", optional: true]}, {:plug, "~> 1.0", [hex: :plug, repo: "hexpm", optional: true]}], "hexpm", "fa03812c440a9754bf34355e0c5d4f3ed316458db62e3284b7a352ef8dc0b996"},
  "telemetry": {:hex, :telemetry, "1.3.0", "fedebbae410d715cf8e7062c96a1ef32ec22e764197f70cda73d82778d61e7a2", [:rebar3], [], "hexpm", "7015fc8919dbe63764f4b4b87a95b7c0996bd539e0d499be6ec9d7f3875b79e6"},
  "thousand_island": {:hex, :thousand_island, "1.5.0", "f50a213cac97262b6d5ebb85745aa2c00fec1413191e6e66834788d45425cecb", [:mix], [{:telemetry, "~> 0.4 or ~> 1.0", [hex: :telemetry, repo: "hexpm", optional: false]}], "hexpm", "708923d40523e43cf99041ab37a0d4b0ec426ac6438fa3716ab23d919eaeb412"},
  "typed_struct": {:hex, :typed_struct, "0.3.0", "939789e3c1dca39d7170c87f729127469d1315dcf99fee8e152bb774b17e7ff7", [:mix], [], "hexpm", "c50bd5c3a61fe4e198a8504f939be3d3c85903b382bde4865579bc23111d1b6d"},
  "websock": {:hex, :websock, "0.5.3", "2f69a6ebe810328555b6fe5c831a851f485e303a7c8ce6c5f675abeb20ebdadc", [:mix], [], "hexpm", "6105453d7fac22c712ad66fab1d45abdf049868f253cf719b625151460b8b453"},
  "websock_adapter": {:hex, :websock_adapter, "0.6.0", "73db5ab8aaefd1a876a97ce3e6afc96562625de69ef17a4e04426e034849d0b8", [:mix], [{:bandit, ">= 0.6.0", [hex: :bandit, repo: "hexpm", optional: true]}, {:plug, "~> 1.14", [hex: :plug, repo: "hexpm", optional: false]}, {:plug_cowboy, "~> 2.6", [hex: :plug_cowboy, repo: "hexpm", optional: true]}, {:websock, "~> 0.5", [hex: :websock, repo: "hexpm", optional: false]}], "hexpm", "50021a85bce8f203b086705d9e0c5415e2c7eb05d319111b0428fe71f9934617"},
}
